// !$*UTF8*$!
{
	archiveVersion = 1;
	classes = {
	};
	objectVersion = 52;
	objects = {

/* Begin PBXBuildFile section */
		217815A7B49E86D75633F350 /* GroupeZone.swift in Sources */ = {isa = PBXBuildFile; fileRef = 21781B7018CD2B09B43F1BE5 /* GroupeZone.swift */; };
		217817362D46376D5A2553FE /* ZoneViewModel.swift in Sources */ = {isa = PBXBuildFile; fileRef = 21781F43F957962CEB78B08A /* ZoneViewModel.swift */; };
		21781B2EA0525E4F15A3AFE1 /* ListeZonesIntent.swift in Sources */ = {isa = PBXBuildFile; fileRef = 2178199BB8228023F68193A6 /* ListeZonesIntent.swift */; };
		21781C4087530F887C03BB5E /* DetailZoneView.swift in Sources */ = {isa = PBXBuildFile; fileRef = 217815E426008C36F3A200DE /* DetailZoneView.swift */; };
		21781E312C65F70BA09885E6 /* Zone.swift in Sources */ = {isa = PBXBuildFile; fileRef = 21781E6749D19131B48B5D8B /* Zone.swift */; };
		21781F442CC55F850650B045 /* GroupeZoneViewModel.swift in Sources */ = {isa = PBXBuildFile; fileRef = 2178143547ACFF5632F852FB /* GroupeZoneViewModel.swift */; };
		2182F085FC2370170AE8A537 /* festival_jeuApp.swift in Sources */ = {isa = PBXBuildFile; fileRef = 2182FE29E23B73578A6B4CF5 /* festival_jeuApp.swift */; };
		2182F1E6320109EB8BE8B536 /* GetDataHelper.swift in Sources */ = {isa = PBXBuildFile; fileRef = 2182F4041B32B4A8948C2B89 /* GetDataHelper.swift */; };
		2182F37AF8EE6B245AC7B11A /* Editeur.swift in Sources */ = {isa = PBXBuildFile; fileRef = 2182FAF8BCF88B05ADDF25F8 /* Editeur.swift */; };
		2182F39A5C7E737DDBD726DC /* Preview Assets.xcassets in Resources */ = {isa = PBXBuildFile; fileRef = 2182F1CFDC7BB7A55A70A93E /* Preview Assets.xcassets */; };
		2182F61C0D838D6D035AF198 /* EditeurViewModel.swift in Sources */ = {isa = PBXBuildFile; fileRef = 2182F47A3AD49186447BB129 /* EditeurViewModel.swift */; };
		2182F781C4D2D246F1473CBF /* ListeZoneView.swift in Sources */ = {isa = PBXBuildFile; fileRef = 2182FAF135F6E7EF56AEC1FF /* ListeZoneView.swift */; };
		2182F7E2434B42D753AA39BD /* JeuHelper.swift in Sources */ = {isa = PBXBuildFile; fileRef = 2182F072C79AFF83D972672E /* JeuHelper.swift */; };
		2182F800A1B8A8F06CDAE071 /* ListeEditeursIntent.swift in Sources */ = {isa = PBXBuildFile; fileRef = 2182F1D73EE4EEC685B10113 /* ListeEditeursIntent.swift */; };
		2182F9E2C8C8BEC9A653D1A6 /* Assets.xcassets in Resources */ = {isa = PBXBuildFile; fileRef = 2182FEE9C4760A3DBED10685 /* Assets.xcassets */; };
		2182FA6F71F50E80F6CDEBB5 /* ListEditeurView.swift in Sources */ = {isa = PBXBuildFile; fileRef = 2182F51A0F5D72F7A797D34C /* ListEditeurView.swift */; };
		2182FB2C6A85AB65F8DB00F8 /* DetailJeuView.swift in Sources */ = {isa = PBXBuildFile; fileRef = 2182F0DB2E8DDCC79FD9233F /* DetailJeuView.swift */; };
		2182FC017D16AED8919F50AB /* GroupeEditeurViewModel.swift in Sources */ = {isa = PBXBuildFile; fileRef = 2182F043456F19840CD2E659 /* GroupeEditeurViewModel.swift */; };
		2182FF18B6EDE0E8125DC5B6 /* GroupeEditeur.swift in Sources */ = {isa = PBXBuildFile; fileRef = 2182FAE03B013DAF7A653CDD /* GroupeEditeur.swift */; };
		2182FFAEC20B82332BE84B57 /* .gitignore in Resources */ = {isa = PBXBuildFile; fileRef = 2182FF2952D4A542ED07E6D2 /* .gitignore */; };
		2182FFDDBE76382F4CAB8E36 /* DetailEditeurView.swift in Sources */ = {isa = PBXBuildFile; fileRef = 2182FAF5992CAC36EE51C15F /* DetailEditeurView.swift */; };
		2FAB7180E109FA2CB74BBFBF /* JeuViewModel.swift in Sources */ = {isa = PBXBuildFile; fileRef = 2FAB7E8965B4814ED2B3ADF0 /* JeuViewModel.swift */; };
		2FAB76510BD09018DC0F7B75 /* ContentView.swift in Sources */ = {isa = PBXBuildFile; fileRef = 2FAB70DE48DC6B0D614DA2DB /* ContentView.swift */; };
		2FAB7923C04D051988AF1450 /* GroupeJeuViewModel.swift in Sources */ = {isa = PBXBuildFile; fileRef = 2FAB7124B4F8574F8B00659E /* GroupeJeuViewModel.swift */; };
		2FAB7A4A392F4E3B991AD826 /* GroupeJeu.swift in Sources */ = {isa = PBXBuildFile; fileRef = 2FAB75B7FDC8A47E0D3E859B /* GroupeJeu.swift */; };
		2FAB7B9DB13E4B42B13760FB /* Jeu.swift in Sources */ = {isa = PBXBuildFile; fileRef = 2FAB7FBDBC10B8536145872A /* Jeu.swift */; };
		2FAB7D637D0C1D4CC73C2AAD /* ListeJeuxView.swift in Sources */ = {isa = PBXBuildFile; fileRef = 2FAB7570FD50A5D5F657B227 /* ListeJeuxView.swift */; };
		2FAB7EF2C8EEFE36D131AA58 /* ListeJeuxIntent.swift in Sources */ = {isa = PBXBuildFile; fileRef = 2FAB73984CFF81BE3034B3F2 /* ListeJeuxIntent.swift */; };
		EB1AB4CA261265800017CF73 /* SwiftUIRefresh in Frameworks */ = {isa = PBXBuildFile; productRef = EB1AB4C9261265800017CF73 /* SwiftUIRefresh */; };
/* End PBXBuildFile section */

/* Begin PBXFileReference section */
		2178143547ACFF5632F852FB /* GroupeZoneViewModel.swift */ = {isa = PBXFileReference; fileEncoding = 4; lastKnownFileType = sourcecode.swift; path = GroupeZoneViewModel.swift; sourceTree = "<group>"; };
		217815E426008C36F3A200DE /* DetailZoneView.swift */ = {isa = PBXFileReference; fileEncoding = 4; lastKnownFileType = sourcecode.swift; path = DetailZoneView.swift; sourceTree = "<group>"; };
		2178199BB8228023F68193A6 /* ListeZonesIntent.swift */ = {isa = PBXFileReference; fileEncoding = 4; lastKnownFileType = sourcecode.swift; path = ListeZonesIntent.swift; sourceTree = "<group>"; };
		21781B7018CD2B09B43F1BE5 /* GroupeZone.swift */ = {isa = PBXFileReference; fileEncoding = 4; lastKnownFileType = sourcecode.swift; path = GroupeZone.swift; sourceTree = "<group>"; };
		21781E6749D19131B48B5D8B /* Zone.swift */ = {isa = PBXFileReference; fileEncoding = 4; lastKnownFileType = sourcecode.swift; path = Zone.swift; sourceTree = "<group>"; };
		21781F43F957962CEB78B08A /* ZoneViewModel.swift */ = {isa = PBXFileReference; fileEncoding = 4; lastKnownFileType = sourcecode.swift; path = ZoneViewModel.swift; sourceTree = "<group>"; };
		2182F043456F19840CD2E659 /* GroupeEditeurViewModel.swift */ = {isa = PBXFileReference; fileEncoding = 4; lastKnownFileType = sourcecode.swift; path = GroupeEditeurViewModel.swift; sourceTree = "<group>"; };
		2182F072C79AFF83D972672E /* JeuHelper.swift */ = {isa = PBXFileReference; fileEncoding = 4; lastKnownFileType = sourcecode.swift; path = JeuHelper.swift; sourceTree = "<group>"; };
		2182F0DB2E8DDCC79FD9233F /* DetailJeuView.swift */ = {isa = PBXFileReference; fileEncoding = 4; lastKnownFileType = sourcecode.swift; path = DetailJeuView.swift; sourceTree = "<group>"; };
		2182F1CFDC7BB7A55A70A93E /* Preview Assets.xcassets */ = {isa = PBXFileReference; lastKnownFileType = folder.assetcatalog; path = "Preview Assets.xcassets"; sourceTree = "<group>"; };
		2182F1D73EE4EEC685B10113 /* ListeEditeursIntent.swift */ = {isa = PBXFileReference; fileEncoding = 4; lastKnownFileType = sourcecode.swift; path = ListeEditeursIntent.swift; sourceTree = "<group>"; };
		2182F4041B32B4A8948C2B89 /* GetDataHelper.swift */ = {isa = PBXFileReference; fileEncoding = 4; lastKnownFileType = sourcecode.swift; path = GetDataHelper.swift; sourceTree = "<group>"; };
		2182F47A3AD49186447BB129 /* EditeurViewModel.swift */ = {isa = PBXFileReference; fileEncoding = 4; lastKnownFileType = sourcecode.swift; path = EditeurViewModel.swift; sourceTree = "<group>"; };
		2182F51A0F5D72F7A797D34C /* ListEditeurView.swift */ = {isa = PBXFileReference; fileEncoding = 4; lastKnownFileType = sourcecode.swift; path = ListEditeurView.swift; sourceTree = "<group>"; };
		2182F6B2DAD362653E3EADA8 /* Info.plist */ = {isa = PBXFileReference; lastKnownFileType = text.plist.info; path = Info.plist; sourceTree = "<group>"; };
		2182FAE03B013DAF7A653CDD /* GroupeEditeur.swift */ = {isa = PBXFileReference; fileEncoding = 4; lastKnownFileType = sourcecode.swift; path = GroupeEditeur.swift; sourceTree = "<group>"; };
		2182FAF135F6E7EF56AEC1FF /* ListeZoneView.swift */ = {isa = PBXFileReference; fileEncoding = 4; lastKnownFileType = sourcecode.swift; path = ListeZoneView.swift; sourceTree = "<group>"; };
		2182FAF5992CAC36EE51C15F /* DetailEditeurView.swift */ = {isa = PBXFileReference; fileEncoding = 4; lastKnownFileType = sourcecode.swift; path = DetailEditeurView.swift; sourceTree = "<group>"; };
		2182FAF8BCF88B05ADDF25F8 /* Editeur.swift */ = {isa = PBXFileReference; fileEncoding = 4; lastKnownFileType = sourcecode.swift; path = Editeur.swift; sourceTree = "<group>"; };
		2182FE29E23B73578A6B4CF5 /* festival_jeuApp.swift */ = {isa = PBXFileReference; lastKnownFileType = sourcecode.swift; path = festival_jeuApp.swift; sourceTree = "<group>"; };
		2182FEDA92FA1BDC9FE4B8F0 /* festival_jeu.app */ = {isa = PBXFileReference; explicitFileType = wrapper.application; includeInIndex = 0; path = festival_jeu.app; sourceTree = BUILT_PRODUCTS_DIR; };
		2182FEE9C4760A3DBED10685 /* Assets.xcassets */ = {isa = PBXFileReference; lastKnownFileType = folder.assetcatalog; path = Assets.xcassets; sourceTree = "<group>"; };
		2182FF2952D4A542ED07E6D2 /* .gitignore */ = {isa = PBXFileReference; lastKnownFileType = file.gitignore; path = .gitignore; sourceTree = "<group>"; };
		2FAB70DE48DC6B0D614DA2DB /* ContentView.swift */ = {isa = PBXFileReference; fileEncoding = 4; lastKnownFileType = sourcecode.swift; path = ContentView.swift; sourceTree = "<group>"; };
		2FAB7124B4F8574F8B00659E /* GroupeJeuViewModel.swift */ = {isa = PBXFileReference; fileEncoding = 4; lastKnownFileType = sourcecode.swift; path = GroupeJeuViewModel.swift; sourceTree = "<group>"; };
		2FAB73984CFF81BE3034B3F2 /* ListeJeuxIntent.swift */ = {isa = PBXFileReference; fileEncoding = 4; lastKnownFileType = sourcecode.swift; path = ListeJeuxIntent.swift; sourceTree = "<group>"; };
		2FAB7570FD50A5D5F657B227 /* ListeJeuxView.swift */ = {isa = PBXFileReference; fileEncoding = 4; lastKnownFileType = sourcecode.swift; path = ListeJeuxView.swift; sourceTree = "<group>"; };
		2FAB75B7FDC8A47E0D3E859B /* GroupeJeu.swift */ = {isa = PBXFileReference; fileEncoding = 4; lastKnownFileType = sourcecode.swift; path = GroupeJeu.swift; sourceTree = "<group>"; };
		2FAB7E8965B4814ED2B3ADF0 /* JeuViewModel.swift */ = {isa = PBXFileReference; fileEncoding = 4; lastKnownFileType = sourcecode.swift; path = JeuViewModel.swift; sourceTree = "<group>"; };
		2FAB7FBDBC10B8536145872A /* Jeu.swift */ = {isa = PBXFileReference; fileEncoding = 4; lastKnownFileType = sourcecode.swift; path = Jeu.swift; sourceTree = "<group>"; };
/* End PBXFileReference section */

/* Begin PBXFrameworksBuildPhase section */
		2182F159170F01AF735A90C2 /* Frameworks */ = {
			isa = PBXFrameworksBuildPhase;
			buildActionMask = 2147483647;
			files = (
				EB1AB4CA261265800017CF73 /* SwiftUIRefresh in Frameworks */,
			);
			runOnlyForDeploymentPostprocessing = 0;
		};
/* End PBXFrameworksBuildPhase section */

/* Begin PBXGroup section */
		2182F29E0157696DCF0C3F1F /* Helper */ = {
			isa = PBXGroup;
			children = (
				2182F4041B32B4A8948C2B89 /* GetDataHelper.swift */,
				2182F072C79AFF83D972672E /* JeuHelper.swift */,
			);
			path = Helper;
			sourceTree = "<group>";
		};
		2182F33BA71A159C2B8833CF = {
			isa = PBXGroup;
			children = (
				2182F635E4E2F77B8DC94C92 /* Products */,
				2182FC6CC861A33C01518AD1 /* festival_jeu */,
			);
			sourceTree = "<group>";
		};
		2182F4FA71B6C338689226C9 /* Preview Content */ = {
			isa = PBXGroup;
			children = (
				2182F1CFDC7BB7A55A70A93E /* Preview Assets.xcassets */,
			);
			path = "Preview Content";
			sourceTree = "<group>";
		};
		2182F635E4E2F77B8DC94C92 /* Products */ = {
			isa = PBXGroup;
			children = (
				2182FEDA92FA1BDC9FE4B8F0 /* festival_jeu.app */,
			);
			name = Products;
			sourceTree = "<group>";
		};
		2182FC6CC861A33C01518AD1 /* festival_jeu */ = {
			isa = PBXGroup;
			children = (
				2182F6B2DAD362653E3EADA8 /* Info.plist */,
				2182FEE9C4760A3DBED10685 /* Assets.xcassets */,
				2182F4FA71B6C338689226C9 /* Preview Content */,
				2182FE29E23B73578A6B4CF5 /* festival_jeuApp.swift */,
				2182FF2952D4A542ED07E6D2 /* .gitignore */,
				2FAB726018F578C1CAA95E38 /* Intent */,
				2FAB76FA1E138BB00C346983 /* Model */,
				2FAB778FCDD07925B467D87D /* View */,
				2FAB7A8D4442CC8A457F83C3 /* ViewModel */,
				2182F29E0157696DCF0C3F1F /* Helper */,
			);
			path = festival_jeu;
			sourceTree = "<group>";
		};
		2FAB726018F578C1CAA95E38 /* Intent */ = {
			isa = PBXGroup;
			children = (
				2FAB73984CFF81BE3034B3F2 /* ListeJeuxIntent.swift */,
				2178199BB8228023F68193A6 /* ListeZonesIntent.swift */,
				2182F1D73EE4EEC685B10113 /* ListeEditeursIntent.swift */,
			);
			path = Intent;
			sourceTree = "<group>";
		};
		2FAB76FA1E138BB00C346983 /* Model */ = {
			isa = PBXGroup;
			children = (
				2FAB7FBDBC10B8536145872A /* Jeu.swift */,
				2FAB75B7FDC8A47E0D3E859B /* GroupeJeu.swift */,
				21781E6749D19131B48B5D8B /* Zone.swift */,
				21781B7018CD2B09B43F1BE5 /* GroupeZone.swift */,
				2182FAF8BCF88B05ADDF25F8 /* Editeur.swift */,
				2182FAE03B013DAF7A653CDD /* GroupeEditeur.swift */,
			);
			path = Model;
			sourceTree = "<group>";
		};
		2FAB778FCDD07925B467D87D /* View */ = {
			isa = PBXGroup;
			children = (
				2FAB70DE48DC6B0D614DA2DB /* ContentView.swift */,
				2FAB7570FD50A5D5F657B227 /* ListeJeuxView.swift */,
				2182FAF135F6E7EF56AEC1FF /* ListeZoneView.swift */,
				217815E426008C36F3A200DE /* DetailZoneView.swift */,
				2182F51A0F5D72F7A797D34C /* ListEditeurView.swift */,
				2182FAF5992CAC36EE51C15F /* DetailEditeurView.swift */,
				2182F0DB2E8DDCC79FD9233F /* DetailJeuView.swift */,
			);
			path = View;
			sourceTree = "<group>";
		};
		2FAB7A8D4442CC8A457F83C3 /* ViewModel */ = {
			isa = PBXGroup;
			children = (
				2FAB7E8965B4814ED2B3ADF0 /* JeuViewModel.swift */,
				2FAB7124B4F8574F8B00659E /* GroupeJeuViewModel.swift */,
				21781F43F957962CEB78B08A /* ZoneViewModel.swift */,
				2178143547ACFF5632F852FB /* GroupeZoneViewModel.swift */,
				2182F47A3AD49186447BB129 /* EditeurViewModel.swift */,
				2182F043456F19840CD2E659 /* GroupeEditeurViewModel.swift */,
			);
			path = ViewModel;
			sourceTree = "<group>";
		};
/* End PBXGroup section */

/* Begin PBXNativeTarget section */
		2182F782F4F4AF0E61D747BF /* festival_jeu */ = {
			isa = PBXNativeTarget;
			buildConfigurationList = 2182FF5D92F9842DCB733C06 /* Build configuration list for PBXNativeTarget "festival_jeu" */;
			buildPhases = (
				2182F4499AFE95EDB2B082DF /* Sources */,
				2182F159170F01AF735A90C2 /* Frameworks */,
				2182FF7D3C1CD55568E7037C /* Resources */,
			);
			buildRules = (
			);
			dependencies = (
			);
			name = festival_jeu;
			packageProductDependencies = (
				EB1AB4C9261265800017CF73 /* SwiftUIRefresh */,
			);
			productName = festival_jeu;
			productReference = 2182FEDA92FA1BDC9FE4B8F0 /* festival_jeu.app */;
			productType = "com.apple.product-type.application";
		};
/* End PBXNativeTarget section */

/* Begin PBXProject section */
		2182F8A935BB787459BEA3AA /* Project object */ = {
			isa = PBXProject;
			attributes = {
			};
			buildConfigurationList = 2182F362B99CB2C227744D69 /* Build configuration list for PBXProject "festival_jeu" */;
			compatibilityVersion = "Xcode 3.2";
			developmentRegion = English;
			hasScannedForEncodings = 0;
			knownRegions = (
				English,
				en,
			);
			mainGroup = 2182F33BA71A159C2B8833CF;
			packageReferences = (
				EB1AB4C8261265800017CF73 /* XCRemoteSwiftPackageReference "SwiftUIRefresh" */,
			);
			productRefGroup = 2182F635E4E2F77B8DC94C92 /* Products */;
			projectDirPath = "";
			projectRoot = "";
			targets = (
				2182F782F4F4AF0E61D747BF /* festival_jeu */,
			);
		};
/* End PBXProject section */

/* Begin PBXResourcesBuildPhase section */
		2182FF7D3C1CD55568E7037C /* Resources */ = {
			isa = PBXResourcesBuildPhase;
			buildActionMask = 2147483647;
			files = (
				2182F9E2C8C8BEC9A653D1A6 /* Assets.xcassets in Resources */,
				2182F39A5C7E737DDBD726DC /* Preview Assets.xcassets in Resources */,
				2182FFAEC20B82332BE84B57 /* .gitignore in Resources */,
			);
			runOnlyForDeploymentPostprocessing = 0;
		};
/* End PBXResourcesBuildPhase section */

/* Begin PBXSourcesBuildPhase section */
		2182F4499AFE95EDB2B082DF /* Sources */ = {
			isa = PBXSourcesBuildPhase;
			buildActionMask = 2147483647;
			files = (
				2182F085FC2370170AE8A537 /* festival_jeuApp.swift in Sources */,
				2FAB76510BD09018DC0F7B75 /* ContentView.swift in Sources */,
				2FAB7B9DB13E4B42B13760FB /* Jeu.swift in Sources */,
				2FAB7A4A392F4E3B991AD826 /* GroupeJeu.swift in Sources */,
				2FAB7180E109FA2CB74BBFBF /* JeuViewModel.swift in Sources */,
				2FAB7923C04D051988AF1450 /* GroupeJeuViewModel.swift in Sources */,
				2FAB7D637D0C1D4CC73C2AAD /* ListeJeuxView.swift in Sources */,
				2FAB7EF2C8EEFE36D131AA58 /* ListeJeuxIntent.swift in Sources */,
				2182F1E6320109EB8BE8B536 /* GetDataHelper.swift in Sources */,
				2182F7E2434B42D753AA39BD /* JeuHelper.swift in Sources */,
				2182F781C4D2D246F1473CBF /* ListeZoneView.swift in Sources */,
				21781E312C65F70BA09885E6 /* Zone.swift in Sources */,
				21781B2EA0525E4F15A3AFE1 /* ListeZonesIntent.swift in Sources */,
				217817362D46376D5A2553FE /* ZoneViewModel.swift in Sources */,
				21781F442CC55F850650B045 /* GroupeZoneViewModel.swift in Sources */,
				217815A7B49E86D75633F350 /* GroupeZone.swift in Sources */,
				21781C4087530F887C03BB5E /* DetailZoneView.swift in Sources */,
				2182F37AF8EE6B245AC7B11A /* Editeur.swift in Sources */,
				2182F61C0D838D6D035AF198 /* EditeurViewModel.swift in Sources */,
				2182F800A1B8A8F06CDAE071 /* ListeEditeursIntent.swift in Sources */,
				2182FC017D16AED8919F50AB /* GroupeEditeurViewModel.swift in Sources */,
				2182FF18B6EDE0E8125DC5B6 /* GroupeEditeur.swift in Sources */,
				2182FA6F71F50E80F6CDEBB5 /* ListEditeurView.swift in Sources */,
				2182FFDDBE76382F4CAB8E36 /* DetailEditeurView.swift in Sources */,
				2182FB2C6A85AB65F8DB00F8 /* DetailJeuView.swift in Sources */,
			);
			runOnlyForDeploymentPostprocessing = 0;
		};
/* End PBXSourcesBuildPhase section */

/* Begin XCBuildConfiguration section */
		2182F826CE4BCB2E25401A2D /* Release */ = {
			isa = XCBuildConfiguration;
			buildSettings = {
				ASSETCATALOG_COMPILER_APPICON_NAME = AppIcon;
				ASSETCATALOG_COMPILER_GLOBAL_ACCENT_COLOR_NAME = AccentColor;
				DEVELOPMENT_ASSET_PATHS = "\"festival_jeu/Preview Content\"";
				ENABLE_PREVIEWS = YES;
				INFOPLIST_FILE = festival_jeu/Info.plist;
				IPHONEOS_DEPLOYMENT_TARGET = 14.0;
				LD_RUNPATH_SEARCH_PATHS = (
					"$(inherited)",
					"@executable_path/Frameworks",
				);
				PRODUCT_BUNDLE_IDENTIFIER = "BARBOU-MOLLARD-RAYMOND.festival-jeu";
				PRODUCT_NAME = "$(TARGET_NAME)";
				SWIFT_VERSION = 5.0;
				TARGETED_DEVICE_FAMILY = "1,2";
			};
			name = Release;
		};
		2182F9428ADD06380E76DB6B /* Release */ = {
			isa = XCBuildConfiguration;
			buildSettings = {
				ALWAYS_SEARCH_USER_PATHS = NO;
				CLANG_ANALYZER_NONNULL = YES;
				CLANG_ANALYZER_NUMBER_OBJECT_CONVERSION = YES_AGGRESSIVE;
				CLANG_CXX_LANGUAGE_STANDARD = "gnu++14";
				CLANG_CXX_LIBRARY = "libc++";
				CLANG_ENABLE_MODULES = YES;
				CLANG_ENABLE_OBJC_ARC = YES;
				CLANG_ENABLE_OBJC_WEAK = YES;
				CLANG_WARN_BLOCK_CAPTURE_AUTORELEASING = YES;
				CLANG_WARN_BOOL_CONVERSION = YES;
				CLANG_WARN_COMMA = YES;
				CLANG_WARN_CONSTANT_CONVERSION = YES;
				CLANG_WARN_DEPRECATED_OBJC_IMPLEMENTATIONS = YES;
				CLANG_WARN_DIRECT_OBJC_ISA_USAGE = YES_ERROR;
				CLANG_WARN_DOCUMENTATION_COMMENTS = YES;
				CLANG_WARN_EMPTY_BODY = YES;
				CLANG_WARN_ENUM_CONVERSION = YES;
				CLANG_WARN_INFINITE_RECURSION = YES;
				CLANG_WARN_INT_CONVERSION = YES;
				CLANG_WARN_NON_LITERAL_NULL_CONVERSION = YES;
				CLANG_WARN_OBJC_IMPLICIT_RETAIN_SELF = YES;
				CLANG_WARN_OBJC_LITERAL_CONVERSION = YES;
				CLANG_WARN_OBJC_ROOT_CLASS = YES_ERROR;
				CLANG_WARN_QUOTED_INCLUDE_IN_FRAMEWORK_HEADER = YES;
				CLANG_WARN_RANGE_LOOP_ANALYSIS = YES;
				CLANG_WARN_STRICT_PROTOTYPES = YES;
				CLANG_WARN_SUSPICIOUS_MOVE = YES;
				CLANG_WARN_UNGUARDED_AVAILABILITY = YES_AGGRESSIVE;
				CLANG_WARN_UNREACHABLE_CODE = YES;
				CLANG_WARN__DUPLICATE_METHOD_MATCH = YES;
				COPY_PHASE_STRIP = NO;
				DEBUG_INFORMATION_FORMAT = "dwarf-with-dsym";
				ENABLE_NS_ASSERTIONS = NO;
				ENABLE_STRICT_OBJC_MSGSEND = YES;
				GCC_C_LANGUAGE_STANDARD = gnu11;
				GCC_NO_COMMON_BLOCKS = YES;
				GCC_WARN_64_TO_32_BIT_CONVERSION = YES;
				GCC_WARN_ABOUT_RETURN_TYPE = YES_ERROR;
				GCC_WARN_UNDECLARED_SELECTOR = YES;
				GCC_WARN_UNINITIALIZED_AUTOS = YES_AGGRESSIVE;
				GCC_WARN_UNUSED_FUNCTION = YES;
				GCC_WARN_UNUSED_VARIABLE = YES;
				IPHONEOS_DEPLOYMENT_TARGET = 14.4;
				MTL_ENABLE_DEBUG_INFO = NO;
				MTL_FAST_MATH = YES;
				SDKROOT = iphoneos;
				SWIFT_COMPILATION_MODE = wholemodule;
				SWIFT_OPTIMIZATION_LEVEL = "-O";
				VALIDATE_PRODUCT = YES;
			};
			name = Release;
		};
		2182FCDE8C6AF489FED96391 /* Debug */ = {
			isa = XCBuildConfiguration;
			buildSettings = {
				ASSETCATALOG_COMPILER_APPICON_NAME = AppIcon;
				ASSETCATALOG_COMPILER_GLOBAL_ACCENT_COLOR_NAME = AccentColor;
				DEVELOPMENT_ASSET_PATHS = "\"festival_jeu/Preview Content\"";
				ENABLE_PREVIEWS = YES;
				INFOPLIST_FILE = festival_jeu/Info.plist;
				IPHONEOS_DEPLOYMENT_TARGET = 14.0;
				LD_RUNPATH_SEARCH_PATHS = (
					"$(inherited)",
					"@executable_path/Frameworks",
				);
				PRODUCT_BUNDLE_IDENTIFIER = "BARBOU-MOLLARD-RAYMOND.festival-jeu";
				PRODUCT_NAME = "$(TARGET_NAME)";
				SWIFT_VERSION = 5.0;
				TARGETED_DEVICE_FAMILY = "1,2";
			};
			name = Debug;
		};
		2182FFE52AAEAC27EE1BA7CB /* Debug */ = {
			isa = XCBuildConfiguration;
			buildSettings = {
				ALWAYS_SEARCH_USER_PATHS = NO;
				CLANG_ANALYZER_NONNULL = YES;
				CLANG_ANALYZER_NUMBER_OBJECT_CONVERSION = YES_AGGRESSIVE;
				CLANG_CXX_LANGUAGE_STANDARD = "gnu++14";
				CLANG_CXX_LIBRARY = "libc++";
				CLANG_ENABLE_MODULES = YES;
				CLANG_ENABLE_OBJC_ARC = YES;
				CLANG_ENABLE_OBJC_WEAK = YES;
				CLANG_WARN_BLOCK_CAPTURE_AUTORELEASING = YES;
				CLANG_WARN_BOOL_CONVERSION = YES;
				CLANG_WARN_COMMA = YES;
				CLANG_WARN_CONSTANT_CONVERSION = YES;
				CLANG_WARN_DEPRECATED_OBJC_IMPLEMENTATIONS = YES;
				CLANG_WARN_DIRECT_OBJC_ISA_USAGE = YES_ERROR;
				CLANG_WARN_DOCUMENTATION_COMMENTS = YES;
				CLANG_WARN_EMPTY_BODY = YES;
				CLANG_WARN_ENUM_CONVERSION = YES;
				CLANG_WARN_INFINITE_RECURSION = YES;
				CLANG_WARN_INT_CONVERSION = YES;
				CLANG_WARN_NON_LITERAL_NULL_CONVERSION = YES;
				CLANG_WARN_OBJC_IMPLICIT_RETAIN_SELF = YES;
				CLANG_WARN_OBJC_LITERAL_CONVERSION = YES;
				CLANG_WARN_OBJC_ROOT_CLASS = YES_ERROR;
				CLANG_WARN_QUOTED_INCLUDE_IN_FRAMEWORK_HEADER = YES;
				CLANG_WARN_RANGE_LOOP_ANALYSIS = YES;
				CLANG_WARN_STRICT_PROTOTYPES = YES;
				CLANG_WARN_SUSPICIOUS_MOVE = YES;
				CLANG_WARN_UNGUARDED_AVAILABILITY = YES_AGGRESSIVE;
				CLANG_WARN_UNREACHABLE_CODE = YES;
				CLANG_WARN__DUPLICATE_METHOD_MATCH = YES;
				COPY_PHASE_STRIP = NO;
				DEBUG_INFORMATION_FORMAT = dwarf;
				ENABLE_STRICT_OBJC_MSGSEND = YES;
				ENABLE_TESTABILITY = YES;
				GCC_C_LANGUAGE_STANDARD = gnu11;
				GCC_DYNAMIC_NO_PIC = NO;
				GCC_NO_COMMON_BLOCKS = YES;
				GCC_OPTIMIZATION_LEVEL = 0;
				GCC_PREPROCESSOR_DEFINITIONS = (
					"DEBUG=1",
					"$(inherited)",
				);
				GCC_WARN_64_TO_32_BIT_CONVERSION = YES;
				GCC_WARN_ABOUT_RETURN_TYPE = YES_ERROR;
				GCC_WARN_UNDECLARED_SELECTOR = YES;
				GCC_WARN_UNINITIALIZED_AUTOS = YES_AGGRESSIVE;
				GCC_WARN_UNUSED_FUNCTION = YES;
				GCC_WARN_UNUSED_VARIABLE = YES;
				IPHONEOS_DEPLOYMENT_TARGET = 14.4;
				MTL_ENABLE_DEBUG_INFO = INCLUDE_SOURCE;
				MTL_FAST_MATH = YES;
				ONLY_ACTIVE_ARCH = YES;
				SDKROOT = iphoneos;
				SWIFT_ACTIVE_COMPILATION_CONDITIONS = DEBUG;
				SWIFT_OPTIMIZATION_LEVEL = "-Onone";
			};
			name = Debug;
		};
/* End XCBuildConfiguration section */

/* Begin XCConfigurationList section */
		2182F362B99CB2C227744D69 /* Build configuration list for PBXProject "festival_jeu" */ = {
			isa = XCConfigurationList;
			buildConfigurations = (
				2182FFE52AAEAC27EE1BA7CB /* Debug */,
				2182F9428ADD06380E76DB6B /* Release */,
			);
			defaultConfigurationIsVisible = 0;
			defaultConfigurationName = Release;
		};
		2182FF5D92F9842DCB733C06 /* Build configuration list for PBXNativeTarget "festival_jeu" */ = {
			isa = XCConfigurationList;
			buildConfigurations = (
				2182FCDE8C6AF489FED96391 /* Debug */,
				2182F826CE4BCB2E25401A2D /* Release */,
			);
			defaultConfigurationIsVisible = 0;
			defaultConfigurationName = Release;
		};
/* End XCConfigurationList section */

/* Begin XCRemoteSwiftPackageReference section */
		EB1AB4C8261265800017CF73 /* XCRemoteSwiftPackageReference "SwiftUIRefresh" */ = {
			isa = XCRemoteSwiftPackageReference;
			repositoryURL = "https://github.com/timbersoftware/SwiftUIRefresh.git";
			requirement = {
				kind = upToNextMajorVersion;
				minimumVersion = 0.0.3;
			};
		};
/* End XCRemoteSwiftPackageReference section */

/* Begin XCSwiftPackageProductDependency section */
		EB1AB4C9261265800017CF73 /* SwiftUIRefresh */ = {
			isa = XCSwiftPackageProductDependency;
			package = EB1AB4C8261265800017CF73 /* XCRemoteSwiftPackageReference "SwiftUIRefresh" */;
			productName = SwiftUIRefresh;
		};
/* End XCSwiftPackageProductDependency section */
	};
	rootObject = 2182F8A935BB787459BEA3AA /* Project object */;
}
